Captains-Bay]🚩 >  terraform apply
data.aws_availability_zones.available: Refreshing state...
module.eks.data.aws_iam_policy_document.cluster_assume_role_policy: Refreshing state...
module.eks.data.aws_caller_identity.current: Refreshing state...
module.eks.data.aws_partition.current: Refreshing state...
module.eks.data.aws_ami.eks_worker_windows: Refreshing state...
module.eks.data.aws_ami.eks_worker: Refreshing state...
module.eks.data.aws_iam_policy_document.workers_assume_role_policy: Refreshing state...

An execution plan has been generated and is shown below.
Resource actions are indicated with the following symbols:
  + create
 <= read (data resources)

Terraform will perform the following actions:

  # data.aws_eks_cluster.cluster will be read during apply
  # (config refers to values not yet known)
 <= data "aws_eks_cluster" "cluster"  {
      + arn                       = (known after apply)
      + certificate_authority     = (known after apply)
      + created_at                = (known after apply)
      + enabled_cluster_log_types = (known after apply)
      + endpoint                  = (known after apply)
      + id                        = (known after apply)
      + identity                  = (known after apply)
      + name                      = (known after apply)
      + platform_version          = (known after apply)
      + role_arn                  = (known after apply)
      + status                    = (known after apply)
      + tags                      = (known after apply)
      + version                   = (known after apply)
      + vpc_config                = (known after apply)
    }

  # data.aws_eks_cluster_auth.cluster will be read during apply
  # (config refers to values not yet known)
 <= data "aws_eks_cluster_auth" "cluster"  {
      + id    = (known after apply)
      + name  = (known after apply)
      + token = (sensitive value)
    }

  # aws_security_group.all_worker_mgmt will be created
  + resource "aws_security_group" "all_worker_mgmt" {
      + arn                    = (known after apply)
      + description            = "Managed by Terraform"
      + egress                 = (known after apply)
      + id                     = (known after apply)
      + ingress                = [
          + {
              + cidr_blocks      = [
                  + "10.0.0.0/8",
                  + "172.16.0.0/12",
                  + "192.168.0.0/16",
                ]
              + description      = ""
              + from_port        = 22
              + ipv6_cidr_blocks = []
              + prefix_list_ids  = []
              + protocol         = "tcp"
              + security_groups  = []
              + self             = false
              + to_port          = 22
            },
        ]
      + name                   = (known after apply)
      + name_prefix            = "all_worker_management"
      + owner_id               = (known after apply)
      + revoke_rules_on_delete = false
      + vpc_id                 = (known after apply)
    }

  # aws_security_group.worker_group_mgmt_one will be created
  + resource "aws_security_group" "worker_group_mgmt_one" {
      + arn                    = (known after apply)
      + description            = "Managed by Terraform"
      + egress                 = (known after apply)
      + id                     = (known after apply)
      + ingress                = [
          + {
              + cidr_blocks      = [
                  + "10.0.0.0/8",
                ]
              + description      = ""
              + from_port        = 22
              + ipv6_cidr_blocks = []
              + prefix_list_ids  = []
              + protocol         = "tcp"
              + security_groups  = []
              + self             = false
              + to_port          = 22
            },
        ]
      + name                   = (known after apply)
      + name_prefix            = "worker_group_mgmt_one"
      + owner_id               = (known after apply)
      + revoke_rules_on_delete = false
      + vpc_id                 = (known after apply)
    }

  # aws_security_group.worker_group_mgmt_two will be created
  + resource "aws_security_group" "worker_group_mgmt_two" {
      + arn                    = (known after apply)
      + description            = "Managed by Terraform"
      + egress                 = (known after apply)
      + id                     = (known after apply)
      + ingress                = [
          + {
              + cidr_blocks      = [
                  + "192.168.0.0/16",
                ]
              + description      = ""
              + from_port        = 22
              + ipv6_cidr_blocks = []
              + prefix_list_ids  = []
              + protocol         = "tcp"
              + security_groups  = []
              + self             = false
              + to_port          = 22
            },
        ]
      + name                   = (known after apply)
      + name_prefix            = "worker_group_mgmt_two"
      + owner_id               = (known after apply)
      + revoke_rules_on_delete = false
      + vpc_id                 = (known after apply)
    }

  # random_string.suffix will be created
  + resource "random_string" "suffix" {
      + id          = (known after apply)
      + length      = 8
      + lower       = true
      + min_lower   = 0
      + min_numeric = 0
      + min_special = 0
      + min_upper   = 0
      + number      = true
      + result      = (known after apply)
      + special     = false
      + upper       = true
    }

  # module.eks.data.null_data_source.node_groups[0] will be read during apply
  # (config refers to values not yet known)
 <= data "null_data_source" "node_groups"  {
      + has_computed_default = (known after apply)
      + id                   = (known after apply)
      + inputs               = {
          + "aws_auth"        = (known after apply)
          + "cluster_name"    = (known after apply)
          + "role_CNI_Policy" = (known after apply)
          + "role_Container"  = (known after apply)
          + "role_NodePolicy" = (known after apply)
        }
      + outputs              = (known after apply)
      + random               = (known after apply)
    }

  # module.eks.aws_autoscaling_group.workers[0] will be created
  + resource "aws_autoscaling_group" "workers" {
      + arn                       = (known after apply)
      + availability_zones        = (known after apply)
      + default_cooldown          = (known after apply)
      + desired_capacity          = (known after apply)
      + enabled_metrics           = (known after apply)
      + force_delete              = (known after apply)
      + health_check_grace_period = (known after apply)
      + health_check_type         = (known after apply)
      + id                        = (known after apply)
      + launch_configuration      = (known after apply)
      + load_balancers            = (known after apply)
      + max_instance_lifetime     = (known after apply)
      + max_size                  = (known after apply)
      + metrics_granularity       = "1Minute"
      + min_size                  = (known after apply)
      + name                      = (known after apply)
      + name_prefix               = (known after apply)
      + placement_group           = (known after apply)
      + protect_from_scale_in     = (known after apply)
      + service_linked_role_arn   = (known after apply)
      + suspended_processes       = (known after apply)
      + tags                      = (known after apply)
      + target_group_arns         = (known after apply)
      + termination_policies      = (known after apply)
      + vpc_zone_identifier       = (known after apply)
      + wait_for_capacity_timeout = "10m"
    }

  # module.eks.aws_autoscaling_group.workers[1] will be created
  + resource "aws_autoscaling_group" "workers" {
      + arn                       = (known after apply)
      + availability_zones        = (known after apply)
      + default_cooldown          = (known after apply)
      + desired_capacity          = (known after apply)
      + enabled_metrics           = (known after apply)
      + force_delete              = (known after apply)
      + health_check_grace_period = (known after apply)
      + health_check_type         = (known after apply)
      + id                        = (known after apply)
      + launch_configuration      = (known after apply)
      + load_balancers            = (known after apply)
      + max_instance_lifetime     = (known after apply)
      + max_size                  = (known after apply)
      + metrics_granularity       = "1Minute"
      + min_size                  = (known after apply)
      + name                      = (known after apply)
      + name_prefix               = (known after apply)
      + placement_group           = (known after apply)
      + protect_from_scale_in     = (known after apply)
      + service_linked_role_arn   = (known after apply)
      + suspended_processes       = (known after apply)
      + tags                      = (known after apply)
      + target_group_arns         = (known after apply)
      + termination_policies      = (known after apply)
      + vpc_zone_identifier       = (known after apply)
      + wait_for_capacity_timeout = "10m"
    }

  # module.eks.aws_eks_cluster.this[0] will be created
  + resource "aws_eks_cluster" "this" {
      + arn                   = (known after apply)
      + certificate_authority = (known after apply)
      + created_at            = (known after apply)
      + endpoint              = (known after apply)
      + id                    = (known after apply)
      + identity              = (known after apply)
      + name                  = (known after apply)
      + platform_version      = (known after apply)
      + role_arn              = (known after apply)
      + status                = (known after apply)
      + tags                  = {
          + "Environment" = "training"
          + "GithubOrg"   = "terraform-aws-modules"
          + "GithubRepo"  = "terraform-aws-eks"
        }
      + version               = "1.16"

      + timeouts {
          + create = "30m"
          + delete = "15m"
        }

      + vpc_config {
          + cluster_security_group_id = (known after apply)
          + endpoint_private_access   = false
          + endpoint_public_access    = true
          + public_access_cidrs       = [
              + "0.0.0.0/0",
            ]
          + security_group_ids        = (known after apply)
          + subnet_ids                = (known after apply)
          + vpc_id                    = (known after apply)
        }
    }

  # module.eks.aws_iam_instance_profile.workers[0] will be created
  + resource "aws_iam_instance_profile" "workers" {
      + arn         = (known after apply)
      + create_date = (known after apply)
      + id          = (known after apply)
      + name        = (known after apply)
      + name_prefix = (known after apply)
      + path        = "/"
      + role        = (known after apply)
      + roles       = (known after apply)
      + unique_id   = (known after apply)
    }

  # module.eks.aws_iam_instance_profile.workers[1] will be created
  + resource "aws_iam_instance_profile" "workers" {
      + arn         = (known after apply)
      + create_date = (known after apply)
      + id          = (known after apply)
      + name        = (known after apply)
      + name_prefix = (known after apply)
      + path        = "/"
      + role        = (known after apply)
      + roles       = (known after apply)
      + unique_id   = (known after apply)
    }

  # module.eks.aws_iam_role.cluster[0] will be created
  + resource "aws_iam_role" "cluster" {
      + arn                   = (known after apply)
      + assume_role_policy    = jsonencode(
            {
              + Statement = [
                  + {
                      + Action    = "sts:AssumeRole"
                      + Effect    = "Allow"
                      + Principal = {
                          + Service = "eks.amazonaws.com"
                        }
                      + Sid       = "EKSClusterAssumeRole"
                    },
                ]
              + Version   = "2012-10-17"
            }
        )
      + create_date           = (known after apply)
      + force_detach_policies = true
      + id                    = (known after apply)
      + max_session_duration  = 3600
      + name                  = (known after apply)
      + name_prefix           = (known after apply)
      + path                  = "/"
      + tags                  = {
          + "Environment" = "training"
          + "GithubOrg"   = "terraform-aws-modules"
          + "GithubRepo"  = "terraform-aws-eks"
        }
      + unique_id             = (known after apply)
    }

  # module.eks.aws_iam_role.workers[0] will be created
  + resource "aws_iam_role" "workers" {
      + arn                   = (known after apply)
      + assume_role_policy    = jsonencode(
            {
              + Statement = [
                  + {
                      + Action    = "sts:AssumeRole"
                      + Effect    = "Allow"
                      + Principal = {
                          + Service = "ec2.amazonaws.com"
                        }
                      + Sid       = "EKSWorkerAssumeRole"
                    },
                ]
              + Version   = "2012-10-17"
            }
        )
      + create_date           = (known after apply)
      + force_detach_policies = true
      + id                    = (known after apply)
      + max_session_duration  = 3600
      + name                  = (known after apply)
      + name_prefix           = (known after apply)
      + path                  = "/"
      + tags                  = {
          + "Environment" = "training"
          + "GithubOrg"   = "terraform-aws-modules"
          + "GithubRepo"  = "terraform-aws-eks"
        }
      + unique_id             = (known after apply)
    }

  # module.eks.aws_iam_role_policy_attachment.cluster_AmazonEKSClusterPolicy[0] will be created
  + resource "aws_iam_role_policy_attachment" "cluster_AmazonEKSClusterPolicy" {
      + id         = (known after apply)
      + policy_arn = "arn:aws:iam::aws:policy/AmazonEKSClusterPolicy"
      + role       = (known after apply)
    }

  # module.eks.aws_iam_role_policy_attachment.cluster_AmazonEKSServicePolicy[0] will be created
  + resource "aws_iam_role_policy_attachment" "cluster_AmazonEKSServicePolicy" {
      + id         = (known after apply)
      + policy_arn = "arn:aws:iam::aws:policy/AmazonEKSServicePolicy"
      + role       = (known after apply)
    }

  # module.eks.aws_iam_role_policy_attachment.workers_AmazonEC2ContainerRegistryReadOnly[0] will be created
  + resource "aws_iam_role_policy_attachment" "workers_AmazonEC2ContainerRegistryReadOnly" {
      + id         = (known after apply)
      + policy_arn = "arn:aws:iam::aws:policy/AmazonEC2ContainerRegistryReadOnly"
      + role       = (known after apply)
    }

  # module.eks.aws_iam_role_policy_attachment.workers_AmazonEKSWorkerNodePolicy[0] will be created
  + resource "aws_iam_role_policy_attachment" "workers_AmazonEKSWorkerNodePolicy" {
      + id         = (known after apply)
      + policy_arn = "arn:aws:iam::aws:policy/AmazonEKSWorkerNodePolicy"
      + role       = (known after apply)
    }

  # module.eks.aws_iam_role_policy_attachment.workers_AmazonEKS_CNI_Policy[0] will be created
  + resource "aws_iam_role_policy_attachment" "workers_AmazonEKS_CNI_Policy" {
      + id         = (known after apply)
      + policy_arn = "arn:aws:iam::aws:policy/AmazonEKS_CNI_Policy"
      + role       = (known after apply)
    }

  # module.eks.aws_launch_configuration.workers[0] will be created
  + resource "aws_launch_configuration" "workers" {
      + arn                         = (known after apply)
      + associate_public_ip_address = (known after apply)
      + ebs_optimized               = (known after apply)
      + enable_monitoring           = (known after apply)
      + iam_instance_profile        = (known after apply)
      + id                          = (known after apply)
      + image_id                    = (known after apply)
      + instance_type               = (known after apply)
      + key_name                    = (known after apply)
      + name                        = (known after apply)
      + name_prefix                 = (known after apply)
      + placement_tenancy           = (known after apply)
      + security_groups             = (known after apply)
      + spot_price                  = (known after apply)
      + user_data_base64            = (known after apply)

      + ebs_block_device {
          + delete_on_termination = (known after apply)
          + device_name           = (known after apply)
          + encrypted             = (known after apply)
          + iops                  = (known after apply)
          + snapshot_id           = (known after apply)
          + volume_size           = (known after apply)
          + volume_type           = (known after apply)
        }

      + root_block_device {
          + delete_on_termination = true
          + encrypted             = (known after apply)
          + iops                  = (known after apply)
          + volume_size           = (known after apply)
          + volume_type           = (known after apply)
        }
    }

  # module.eks.aws_launch_configuration.workers[1] will be created
  + resource "aws_launch_configuration" "workers" {
      + arn                         = (known after apply)
      + associate_public_ip_address = (known after apply)
      + ebs_optimized               = (known after apply)
      + enable_monitoring           = (known after apply)
      + iam_instance_profile        = (known after apply)
      + id                          = (known after apply)
      + image_id                    = (known after apply)
      + instance_type               = (known after apply)
      + key_name                    = (known after apply)
      + name                        = (known after apply)
      + name_prefix                 = (known after apply)
      + placement_tenancy           = (known after apply)
      + security_groups             = (known after apply)
      + spot_price                  = (known after apply)
      + user_data_base64            = (known after apply)

      + ebs_block_device {
          + delete_on_termination = (known after apply)
          + device_name           = (known after apply)
          + encrypted             = (known after apply)
          + iops                  = (known after apply)
          + snapshot_id           = (known after apply)
          + volume_size           = (known after apply)
          + volume_type           = (known after apply)
        }

      + root_block_device {
          + delete_on_termination = true
          + encrypted             = (known after apply)
          + iops                  = (known after apply)
          + volume_size           = (known after apply)
          + volume_type           = (known after apply)
        }
    }

  # module.eks.aws_security_group.cluster[0] will be created
  + resource "aws_security_group" "cluster" {
      + arn                    = (known after apply)
      + description            = "EKS cluster security group."
      + egress                 = (known after apply)
      + id                     = (known after apply)
      + ingress                = (known after apply)
      + name                   = (known after apply)
      + name_prefix            = (known after apply)
      + owner_id               = (known after apply)
      + revoke_rules_on_delete = false
      + tags                   = (known after apply)
      + vpc_id                 = (known after apply)
    }

  # module.eks.aws_security_group.workers[0] will be created
  + resource "aws_security_group" "workers" {
      + arn                    = (known after apply)
      + description            = "Security group for all nodes in the cluster."
      + egress                 = (known after apply)
      + id                     = (known after apply)
      + ingress                = (known after apply)
      + name                   = (known after apply)
      + name_prefix            = (known after apply)
      + owner_id               = (known after apply)
      + revoke_rules_on_delete = false
      + tags                   = (known after apply)
      + vpc_id                 = (known after apply)
    }

  # module.eks.aws_security_group_rule.cluster_egress_internet[0] will be created
  + resource "aws_security_group_rule" "cluster_egress_internet" {
      + cidr_blocks              = [
          + "0.0.0.0/0",
        ]
      + description              = "Allow cluster egress access to the Internet."
      + from_port                = 0
      + id                       = (known after apply)
      + protocol                 = "-1"
      + security_group_id        = (known after apply)
      + self                     = false
      + source_security_group_id = (known after apply)
      + to_port                  = 0
      + type                     = "egress"
    }

  # module.eks.aws_security_group_rule.cluster_https_worker_ingress[0] will be created
  + resource "aws_security_group_rule" "cluster_https_worker_ingress" {
      + description              = "Allow pods to communicate with the EKS cluster API."
      + from_port                = 443
      + id                       = (known after apply)
      + protocol                 = "tcp"
      + security_group_id        = (known after apply)
      + self                     = false
      + source_security_group_id = (known after apply)
      + to_port                  = 443
      + type                     = "ingress"
    }

  # module.eks.aws_security_group_rule.workers_egress_internet[0] will be created
  + resource "aws_security_group_rule" "workers_egress_internet" {
      + cidr_blocks              = [
          + "0.0.0.0/0",
        ]
      + description              = "Allow nodes all egress to the Internet."
      + from_port                = 0
      + id                       = (known after apply)
      + protocol                 = "-1"
      + security_group_id        = (known after apply)
      + self                     = false
      + source_security_group_id = (known after apply)
      + to_port                  = 0
      + type                     = "egress"
    }

  # module.eks.aws_security_group_rule.workers_ingress_cluster[0] will be created
  + resource "aws_security_group_rule" "workers_ingress_cluster" {
      + description              = "Allow workers pods to receive communication from the cluster control plane."
      + from_port                = 1025
      + id                       = (known after apply)
      + protocol                 = "tcp"
      + security_group_id        = (known after apply)
      + self                     = false
      + source_security_group_id = (known after apply)
      + to_port                  = 65535
      + type                     = "ingress"
    }

  # module.eks.aws_security_group_rule.workers_ingress_cluster_https[0] will be created
  + resource "aws_security_group_rule" "workers_ingress_cluster_https" {
      + description              = "Allow pods running extension API servers on port 443 to receive communication from cluster control plane."
      + from_port                = 443
      + id                       = (known after apply)
      + protocol                 = "tcp"
      + security_group_id        = (known after apply)
      + self                     = false
      + source_security_group_id = (known after apply)
      + to_port                  = 443
      + type                     = "ingress"
    }

  # module.eks.aws_security_group_rule.workers_ingress_self[0] will be created
  + resource "aws_security_group_rule" "workers_ingress_self" {
      + description              = "Allow node to communicate with each other."
      + from_port                = 0
      + id                       = (known after apply)
      + protocol                 = "-1"
      + security_group_id        = (known after apply)
      + self                     = false
      + source_security_group_id = (known after apply)
      + to_port                  = 65535
      + type                     = "ingress"
    }

  # module.eks.kubernetes_config_map.aws_auth[0] will be created
  + resource "kubernetes_config_map" "aws_auth" {
      + data = (known after apply)
      + id   = (known after apply)

      + metadata {
          + generation       = (known after apply)
          + name             = "aws-auth"
          + namespace        = "kube-system"
          + resource_version = (known after apply)
          + self_link        = (known after apply)
          + uid              = (known after apply)
        }
    }

  # module.eks.local_file.kubeconfig[0] will be created
  + resource "local_file" "kubeconfig" {
      + content              = (known after apply)
      + directory_permission = "0755"
      + file_permission      = "0644"
      + filename             = (known after apply)
      + id                   = (known after apply)
    }

  # module.eks.null_resource.wait_for_cluster[0] will be created
  + resource "null_resource" "wait_for_cluster" {
      + id = (known after apply)
    }

  # module.eks.random_pet.workers[0] will be created
  + resource "random_pet" "workers" {
      + id        = (known after apply)
      + keepers   = (known after apply)
      + length    = 2
      + separator = "-"
    }

  # module.eks.random_pet.workers[1] will be created
  + resource "random_pet" "workers" {
      + id        = (known after apply)
      + keepers   = (known after apply)
      + length    = 2
      + separator = "-"
    }

  # module.vpc.aws_eip.nat[0] will be created
  + resource "aws_eip" "nat" {
      + allocation_id     = (known after apply)
      + association_id    = (known after apply)
      + customer_owned_ip = (known after apply)
      + domain            = (known after apply)
      + id                = (known after apply)
      + instance          = (known after apply)
      + network_interface = (known after apply)
      + private_dns       = (known after apply)
      + private_ip        = (known after apply)
      + public_dns        = (known after apply)
      + public_ip         = (known after apply)
      + public_ipv4_pool  = (known after apply)
      + tags              = (known after apply)
      + vpc               = true
    }

  # module.vpc.aws_internet_gateway.this[0] will be created
  + resource "aws_internet_gateway" "this" {
      + id       = (known after apply)
      + owner_id = (known after apply)
      + tags     = (known after apply)
      + vpc_id   = (known after apply)
    }

  # module.vpc.aws_nat_gateway.this[0] will be created
  + resource "aws_nat_gateway" "this" {
      + allocation_id        = (known after apply)
      + id                   = (known after apply)
      + network_interface_id = (known after apply)
      + private_ip           = (known after apply)
      + public_ip            = (known after apply)
      + subnet_id            = (known after apply)
      + tags                 = (known after apply)
    }

  # module.vpc.aws_route.private_nat_gateway[0] will be created
  + resource "aws_route" "private_nat_gateway" {
      + destination_cidr_block     = "0.0.0.0/0"
      + destination_prefix_list_id = (known after apply)
      + egress_only_gateway_id     = (known after apply)
      + gateway_id                 = (known after apply)
      + id                         = (known after apply)
      + instance_id                = (known after apply)
      + instance_owner_id          = (known after apply)
      + nat_gateway_id             = (known after apply)
      + network_interface_id       = (known after apply)
      + origin                     = (known after apply)
      + route_table_id             = (known after apply)
      + state                      = (known after apply)

      + timeouts {
          + create = "5m"
        }
    }

  # module.vpc.aws_route.public_internet_gateway[0] will be created
  + resource "aws_route" "public_internet_gateway" {
      + destination_cidr_block     = "0.0.0.0/0"
      + destination_prefix_list_id = (known after apply)
      + egress_only_gateway_id     = (known after apply)
      + gateway_id                 = (known after apply)
      + id                         = (known after apply)
      + instance_id                = (known after apply)
      + instance_owner_id          = (known after apply)
      + nat_gateway_id             = (known after apply)
      + network_interface_id       = (known after apply)
      + origin                     = (known after apply)
      + route_table_id             = (known after apply)
      + state                      = (known after apply)

      + timeouts {
          + create = "5m"
        }
    }

  # module.vpc.aws_route_table.private[0] will be created
  + resource "aws_route_table" "private" {
      + id               = (known after apply)
      + owner_id         = (known after apply)
      + propagating_vgws = (known after apply)
      + route            = (known after apply)
      + tags             = (known after apply)
      + vpc_id           = (known after apply)
    }

  # module.vpc.aws_route_table.public[0] will be created
  + resource "aws_route_table" "public" {
      + id               = (known after apply)
      + owner_id         = (known after apply)
      + propagating_vgws = (known after apply)
      + route            = (known after apply)
      + tags             = (known after apply)
      + vpc_id           = (known after apply)
    }

  # module.vpc.aws_route_table_association.private[0] will be created
  + resource "aws_route_table_association" "private" {
      + id             = (known after apply)
      + route_table_id = (known after apply)
      + subnet_id      = (known after apply)
    }

  # module.vpc.aws_route_table_association.private[1] will be created
  + resource "aws_route_table_association" "private" {
      + id             = (known after apply)
      + route_table_id = (known after apply)
      + subnet_id      = (known after apply)
    }

  # module.vpc.aws_route_table_association.private[2] will be created
  + resource "aws_route_table_association" "private" {
      + id             = (known after apply)
      + route_table_id = (known after apply)
      + subnet_id      = (known after apply)
    }

  # module.vpc.aws_route_table_association.public[0] will be created
  + resource "aws_route_table_association" "public" {
      + id             = (known after apply)
      + route_table_id = (known after apply)
      + subnet_id      = (known after apply)
    }

  # module.vpc.aws_route_table_association.public[1] will be created
  + resource "aws_route_table_association" "public" {
      + id             = (known after apply)
      + route_table_id = (known after apply)
      + subnet_id      = (known after apply)
    }

  # module.vpc.aws_route_table_association.public[2] will be created
  + resource "aws_route_table_association" "public" {
      + id             = (known after apply)
      + route_table_id = (known after apply)
      + subnet_id      = (known after apply)
    }

  # module.vpc.aws_subnet.private[0] will be created
  + resource "aws_subnet" "private" {
      + arn                             = (known after apply)
      + assign_ipv6_address_on_creation = false
      + availability_zone               = "us-east-2a"
      + availability_zone_id            = (known after apply)
      + cidr_block                      = "10.0.1.0/24"
      + id                              = (known after apply)
      + ipv6_cidr_block                 = (known after apply)
      + ipv6_cidr_block_association_id  = (known after apply)
      + map_public_ip_on_launch         = false
      + owner_id                        = (known after apply)
      + tags                            = (known after apply)
      + vpc_id                          = (known after apply)
    }

  # module.vpc.aws_subnet.private[1] will be created
  + resource "aws_subnet" "private" {
      + arn                             = (known after apply)
      + assign_ipv6_address_on_creation = false
      + availability_zone               = "us-east-2b"
      + availability_zone_id            = (known after apply)
      + cidr_block                      = "10.0.2.0/24"
      + id                              = (known after apply)
      + ipv6_cidr_block                 = (known after apply)
      + ipv6_cidr_block_association_id  = (known after apply)
      + map_public_ip_on_launch         = false
      + owner_id                        = (known after apply)
      + tags                            = (known after apply)
      + vpc_id                          = (known after apply)
    }

  # module.vpc.aws_subnet.private[2] will be created
  + resource "aws_subnet" "private" {
      + arn                             = (known after apply)
      + assign_ipv6_address_on_creation = false
      + availability_zone               = "us-east-2c"
      + availability_zone_id            = (known after apply)
      + cidr_block                      = "10.0.3.0/24"
      + id                              = (known after apply)
      + ipv6_cidr_block                 = (known after apply)
      + ipv6_cidr_block_association_id  = (known after apply)
      + map_public_ip_on_launch         = false
      + owner_id                        = (known after apply)
      + tags                            = (known after apply)
      + vpc_id                          = (known after apply)
    }

  # module.vpc.aws_subnet.public[0] will be created
  + resource "aws_subnet" "public" {
      + arn                             = (known after apply)
      + assign_ipv6_address_on_creation = false
      + availability_zone               = "us-east-2a"
      + availability_zone_id            = (known after apply)
      + cidr_block                      = "10.0.4.0/24"
      + id                              = (known after apply)
      + ipv6_cidr_block                 = (known after apply)
      + ipv6_cidr_block_association_id  = (known after apply)
      + map_public_ip_on_launch         = true
      + owner_id                        = (known after apply)
      + tags                            = (known after apply)
      + vpc_id                          = (known after apply)
    }

  # module.vpc.aws_subnet.public[1] will be created
  + resource "aws_subnet" "public" {
      + arn                             = (known after apply)
      + assign_ipv6_address_on_creation = false
      + availability_zone               = "us-east-2b"
      + availability_zone_id            = (known after apply)
      + cidr_block                      = "10.0.5.0/24"
      + id                              = (known after apply)
      + ipv6_cidr_block                 = (known after apply)
      + ipv6_cidr_block_association_id  = (known after apply)
      + map_public_ip_on_launch         = true
      + owner_id                        = (known after apply)
      + tags                            = (known after apply)
      + vpc_id                          = (known after apply)
    }

  # module.vpc.aws_subnet.public[2] will be created
  + resource "aws_subnet" "public" {
      + arn                             = (known after apply)
      + assign_ipv6_address_on_creation = false
      + availability_zone               = "us-east-2c"
      + availability_zone_id            = (known after apply)
      + cidr_block                      = "10.0.6.0/24"
      + id                              = (known after apply)
      + ipv6_cidr_block                 = (known after apply)
      + ipv6_cidr_block_association_id  = (known after apply)
      + map_public_ip_on_launch         = true
      + owner_id                        = (known after apply)
      + tags                            = (known after apply)
      + vpc_id                          = (known after apply)
    }

  # module.vpc.aws_vpc.this[0] will be created
  + resource "aws_vpc" "this" {
      + arn                              = (known after apply)
      + assign_generated_ipv6_cidr_block = false
      + cidr_block                       = "10.0.0.0/16"
      + default_network_acl_id           = (known after apply)
      + default_route_table_id           = (known after apply)
      + default_security_group_id        = (known after apply)
      + dhcp_options_id                  = (known after apply)
      + enable_classiclink               = (known after apply)
      + enable_classiclink_dns_support   = (known after apply)
      + enable_dns_hostnames             = true
      + enable_dns_support               = true
      + id                               = (known after apply)
      + instance_tenancy                 = "default"
      + ipv6_association_id              = (known after apply)
      + ipv6_cidr_block                  = (known after apply)
      + main_route_table_id              = (known after apply)
      + owner_id                         = (known after apply)
      + tags                             = (known after apply)
    }

Plan: 51 to add, 0 to change, 0 to destroy.

Do you want to perform these actions?
  Terraform will perform the actions described above.
  Only 'yes' will be accepted to approve.

  Enter a value: 51
